- type: entity
  parent:
  # MC
  - MCXenoBase
  # RMC
  - CMXenoDeveloped
  - RMCXenoSpeechSounds
  - RMCXenoCommendationReceiver
  - RMCXenoMobCollision
  id: MCXenoWarlock
  name: Warlock
  description: A powerful psychic xeno. The Warlock devastates enemies of the hive with its psychic might, but it's physically very frail.
  components:
  - type: Sprite
    sprite: _MC/Mobs/Xenos/warlock.rsi
    offset: 0,0.2
  - type: FixedIdentity
    name: mc-job-name-xeno-warlock
  - type: GhostRole
    name: mc-job-name-xeno-warlock
  - type: MobThresholds
    thresholds:
      0: Alive
      325: Critical
      425: Dead
  - type: XenoPlasma
    plasma: 1700
    maxPlasma: 1700
    plasmaRegenOnWeeds: 60
  - type: Xeno
    tier: 3
    role: MCXenoWarlock
    actionIds:
    - MCActionXenoRest
    - MCActionXenoPsydrain
    - MCActionXenoDevolve
    hudOffset: -0.1,0.1
  - type: XenoDevolve
    devolvesTo:
    - MCXenoWarrior
    - MCXenoHivelord
    - MCXenoCarrier
    - MCXenoWraith
    - MCXenoHunter
    - MCXenoBull
    - MCXenoSpitter
  - type: MCArmor
    soft:
      melee: 40
      bullet: 40
      laser: 40
      energy: 40
      bomb: 10
      bio: 35
      fire: 35
      acid: 35
  - type: MeleeWeapon
    damage:
      types:
        MCBrute: 15
  - type: MovementSpeedModifier
    baseWalkSpeed: 2.857
    baseSprintSpeed: 4
  - type: TacticalMapIcon
    icon:
      sprite: _MC/Interface/Xeno/icons.rsi
      state: warlock
