- type: entity
  parent:
  # MC
  - MCXenoBase
  - MCXenoComponentFixtureRunner
  - MCXenoComponentTier3
  - MCXenoComponentEvolutionTier3
  # RMC
  - CMXenoDeveloped
  - RMCXenoSpeechSounds
  - RMCXenoCommendationReceiver
  - RMCXenoMobCollision
  id: MCXenoWarlock
  name: warlock
  description: A powerful psychic xeno. The Warlock devastates enemies of the hive with its psychic might, but it's physically very frail.
  components:
  # Name
  - type: FixedIdentity
    name: mc-job-name-xeno-warlock
  - type: GhostRole
    name: mc-job-name-xeno-warlock
  - type: RMCActionOrder
    id: MCXenoWarlock
  # Visuals
  - type: Sprite
    sprite: _MC/Mobs/Xenos/warlock.rsi
    offset: 0, 0.2
  - type: TacticalMapIcon
    icon:
      sprite: /Textures/_MC/Interface/MapIcons/Xeno/xeno.rsi
      state: warlock
  # Skins
  - type: MCXenoSkin
    skins:
      rouny: _MC/Mobs/Xenos/warlock_rouny.rsi
  # Actions
  - type: Xeno
    tier: 3
    role: MCXenoWarlock
    actionIds:
    # Base
    - MCActionXenoHiveStatus
    - MCActionXenoRest
    - MCActionXenoPsydrain
    # Main
    - MCActionXenoTransferPlasma
    - MCActionXenoPsychicBlast
    - MCActionXenoPsychicCrush
    - MCActionXenoPsychicShield
    # ZLevels
    # - MCActionXenoAntigravity
    # - MCActionXenoAntigravityZLevelUp
    # - MCActionXenoAntigravityZLevelDown
    hudOffset: -0.1,0.1
  # Statistics
  - type: MobThresholds
    thresholds:
      0: Alive
      325: Critical
      425: Dead
  - type: XenoPlasma
    plasma: 1700
    maxPlasma: 1700
    plasmaRegenOnWeeds: 60
  - type: MCArmor
    soft:
      melee: 40
      bullet: 40
      laser: 40
      energy: 40
      bomb: 10
      bio: 35
      fire: 35
      acid: 35
  - type: MeleeWeapon
    damage:
      types:
        MCBrute: 15
  - type: MovementSpeedModifier
    baseWalkSpeed: 3.35
    baseSprintSpeed: 5
  # Abilities
  - type: MCXenoTransferPlasma
    amount: 400
    delay: 0.5
    range: 7
  - type: MCXenoBlast
  - type: MCXenoPsyCrush
  - type: MCXenoShield
  - type: MCXenoAntigravity
